
Microsoft Visual Studio Solution File, Format Version 12.00
# Visual Studio Version 17
VisualStudioVersion = 17.14.37012.4 d17.14
MinimumVisualStudioVersion = 10.0.40219.1
Project("{FAE04EC0-301F-11D3-BF4B-00C04F79EFBC}") = "MangoFusion_API", "MangoFusion_API\MangoFusion_API.csproj", "{2DA41AA1-7A30-4D33-B5B3-C625F716A723}"
EndProject
Global
	GlobalSection(SolutionConfigurationPlatforms) = preSolution
		Debug|Any CPU = Debug|Any CPU
		Release|Any CPU = Release|Any CPU
	EndGlobalSection
	GlobalSection(ProjectConfigurationPlatforms) = postSolution
		{2DA41AA1-7A30-4D33-B5B3-C625F716A723}.Debug|Any CPU.ActiveCfg = Debug|Any CPU
		{2DA41AA1-7A30-4D33-B5B3-C625F716A723}.Debug|Any CPU.Build.0 = Debug|Any CPU
		{2DA41AA1-7A30-4D33-B5B3-C625F716A723}.Release|Any CPU.ActiveCfg = Release|Any CPU
		{2DA41AA1-7A30-4D33-B5B3-C625F716A723}.Release|Any CPU.Build.0 = Release|Any CPU
	EndGlobalSection
	GlobalSection(SolutionProperties) = preSolution
		HideSolutionNode = FALSE
	EndGlobalSection
	GlobalSection(ExtensibilityGlobals) = postSolution
		SolutionGuid = {6114703A-8FC3-4127-859B-2B3155BC2A6F}
	EndGlobalSection
EndGlobal
